
Microsoft Visual Studio Solution File, Format Version 12.00
# Visual Studio Version 17
VisualStudioVersion = 17.5.2.0
MinimumVisualStudioVersion = 10.0.40219.1
Project("{FAE04EC0-301F-11D3-BF4B-00C04F79EFBC}") = "Мytests", "Мytests.csproj", "{24F9187F-B3F5-DFCD-1EF1-3748CE2BCD40}"
EndProject
Global
	GlobalSection(SolutionConfigurationPlatforms) = preSolution
		Debug|Any CPU = Debug|Any CPU
		Release|Any CPU = Release|Any CPU
	EndGlobalSection
	GlobalSection(ProjectConfigurationPlatforms) = postSolution
		{24F9187F-B3F5-DFCD-1EF1-3748CE2BCD40}.Debug|Any CPU.ActiveCfg = Debug|Any CPU
		{24F9187F-B3F5-DFCD-1EF1-3748CE2BCD40}.Debug|Any CPU.Build.0 = Debug|Any CPU
		{24F9187F-B3F5-DFCD-1EF1-3748CE2BCD40}.Release|Any CPU.ActiveCfg = Release|Any CPU
		{24F9187F-B3F5-DFCD-1EF1-3748CE2BCD40}.Release|Any CPU.Build.0 = Release|Any CPU
	EndGlobalSection
	GlobalSection(SolutionProperties) = preSolution
		HideSolutionNode = FALSE
	EndGlobalSection
	GlobalSection(ExtensibilityGlobals) = postSolution
		SolutionGuid = {528AB0E0-34FA-4700-94A3-756A1E915AE5}
	EndGlobalSection
EndGlobal
