Microsoft Visual Studio Solution File, Format Version 12.00
# Visual Studio Version 17
VisualStudioVersion = 17.0.33903.0
MinimumVisualStudioVersion = 10.0.40219.1
Project("{FAE04EC0-301F-11D3-BF4B-00C04F79EFBC}") = "Мytests", "TestProject2\Мytests.csproj", "{8a6a0b3b-07b6-40d2-bcf6-b054acd0dd1c}"
EndProject
Global
	GlobalSection(SolutionConfigurationPlatforms) = preSolution
		Debug|Any CPU = Debug|Any CPU
		Release|Any CPU = Release|Any CPU
	EndGlobalSection
	GlobalSection(ProjectConfigurationPlatforms) = postSolution
		{8a6a0b3b-07b6-40d2-bcf6-b054acd0dd1c}.Debug|Any CPU.ActiveCfg = Debug|Any CPU
		{8a6a0b3b-07b6-40d2-bcf6-b054acd0dd1c}.Debug|Any CPU.Build.0 = Debug|Any CPU
		{8a6a0b3b-07b6-40d2-bcf6-b054acd0dd1c}.Release|Any CPU.ActiveCfg = Release|Any CPU
		{8a6a0b3b-07b6-40d2-bcf6-b054acd0dd1c}.Release|Any CPU.Build.0 = Release|Any CPU
	EndGlobalSection
	GlobalSection(SolutionProperties) = preSolution
		HideSolutionNode = FALSE
	EndGlobalSection
EndGlobal
